# This file is generated by running "yarn install" inside your project.
# Manual changes might be lost - proceed with caution!

__metadata:
  version: 4
  cacheKey: 7

"@auric/discord-akairo@npm:^8.2.3":
  version: 8.2.3
  resolution: "@auric/discord-akairo@npm:8.2.3"
  checksum: 9b6697801ba631aefa8c6d1651a5158c2d48b6af5ce365fadab796566c7da3c5e99c69460b206f59b0e99018a2d0aafdd7750fd639908bb63b9dcde6c63e510f
  languageName: node
  linkType: hard

"@discordjs/collection@npm:^0.1.6":
  version: 0.1.6
  resolution: "@discordjs/collection@npm:0.1.6"
  checksum: da87faf9975e9320a4aa5e8a78312849e4767eb5b0c3348612a0f2d07b5bad4bb91c8c65a5a8ffecc007574c5eebd4790d2e13880af6fd2ae865ba3161495f9a
  languageName: node
  linkType: hard

"@discordjs/form-data@npm:^3.0.1":
  version: 3.0.1
  resolution: "@discordjs/form-data@npm:3.0.1"
  dependencies:
    asynckit: ^0.4.0
    combined-stream: ^1.0.8
    mime-types: ^2.1.12
  checksum: 2ddf4c9bba170ea325cabae28d8d4f3e2e132a4eded64d242dbaafb514d0109c338a18bd0cab4d3464dca8f2da1c6ddc870ef96b89d7b5ed16f155cd171bf1a4
  languageName: node
  linkType: hard

"@inrixia/helpers@npm:^1.20.7":
  version: 1.20.7
  resolution: "@inrixia/helpers@npm:1.20.7"
  checksum: b131223f1ed1ccb199737c5abd21ef1dad5c35db001aed1cbd7a1ebd1264972ef8002393c879150534b0b5ed4628bf8337d94ccb6b0ede2ddcaf49e2d4f6ed88
  languageName: node
  linkType: hard

"@sindresorhus/is@npm:^4.0.0":
  version: 4.0.1
  resolution: "@sindresorhus/is@npm:4.0.1"
  checksum: 16908ae19a1ca54173594bfdc8f33c6b2203fc0592cd54d551999e5b7c937815b6127fbd131360fc2dd1b1e7fb6a6afcd3d0f977a630ee17d3c7afbe8e739c02
  languageName: node
  linkType: hard

"@szmarczak/http-timer@npm:^4.0.5":
  version: 4.0.5
  resolution: "@szmarczak/http-timer@npm:4.0.5"
  dependencies:
    defer-to-connect: ^2.0.0
  checksum: 13d8f71dbd792b620b2cd13d72d086ef031ebefd5263a9db2f34693a32e4d90920fa1d7075cd59bf0c9810b2b1b93ad36d89fc88aba4cd3b8022df7ecc5ffdec
  languageName: node
  linkType: hard

"@types/cacheable-request@npm:^6.0.1":
  version: 6.0.1
  resolution: "@types/cacheable-request@npm:6.0.1"
  dependencies:
    "@types/http-cache-semantics": "*"
    "@types/keyv": "*"
    "@types/node": "*"
    "@types/responselike": "*"
  checksum: 3dae802a0808573986c56b92bf16cd031a5b648b6c893d20c7ef6bfda3fc72a2107c7978697d2b27b14febc597162d6959985eeb5befc307a9f9f3c5081d4905
  languageName: node
  linkType: hard

"@types/got@npm:^9.6.11":
  version: 9.6.11
  resolution: "@types/got@npm:9.6.11"
  dependencies:
    "@types/node": "*"
    "@types/tough-cookie": "*"
    form-data: ^2.5.0
  checksum: f0c0becccd69329146014b4179bca0ee1fb45ad937e165ab77cfeae3a623051eb7cfd1c6d71202e82ae35a3e89d95f1f6a1c567a9dd300c991e75e816fd29f9f
  languageName: node
  linkType: hard

"@types/http-cache-semantics@npm:*":
  version: 4.0.0
  resolution: "@types/http-cache-semantics@npm:4.0.0"
  checksum: e16fae56d4daea4ed678b4d5918b693b44ca12fb5e479b87d242d3a35bf3a014974dcf9ed7aba7e29149fdb6c3719f9987fca51b20ef10aa84b58f86553c2f74
  languageName: node
  linkType: hard

"@types/keyv@npm:*":
  version: 3.1.1
  resolution: "@types/keyv@npm:3.1.1"
  dependencies:
    "@types/node": "*"
  checksum: 3aaf557d5b82e733d5a17b7f55af5d6be953363c3a594f006d64265790fe87c301c6e1400c0b6b1cf72add50a0ceddc25afb8231ab8302a2e5b6ebfbfac30e5d
  languageName: node
  linkType: hard

"@types/node@npm:*, @types/node@npm:^15.12.4":
  version: 15.12.4
  resolution: "@types/node@npm:15.12.4"
  checksum: 64b121a7e805379382aeb3eefed56c4c34f1ebf5e818ba2c732e43beebc4fbde20be438f3eaaffd8dba5062f0e0c9ae085127b7239906d170eda816885a6c508
  languageName: node
  linkType: hard

"@types/responselike@npm:*, @types/responselike@npm:^1.0.0":
  version: 1.0.0
  resolution: "@types/responselike@npm:1.0.0"
  dependencies:
    "@types/node": "*"
  checksum: e6e6613c800aeda63e2331e753e8d21df1a2c9aa7a4bc71ed792a848e4811fc96e609759089355314a2318c76eff1f161499cd242044838ab1e6f56e463ebb9c
  languageName: node
  linkType: hard

"@types/tough-cookie@npm:*":
  version: 4.0.0
  resolution: "@types/tough-cookie@npm:4.0.0"
  checksum: 5a0cccc6d073b84dbb48d603e692b55ac30cea1653a7fc813e97a3bcaa9edd97c703c15727378d632e416a90178e6da657151eba8175cbb201a9a98de22ac3a8
  languageName: node
  linkType: hard

"Sugarcane-Bot@workspace:.":
  version: 0.0.0-use.local
  resolution: "Sugarcane-Bot@workspace:."
  dependencies:
    "@auric/discord-akairo": ^8.2.3
    "@inrixia/helpers": ^1.20.7
    "@types/got": ^9.6.11
    "@types/node": ^15.12.4
    discord.js: ^12.5.3
    got: ^11.8.2
    tslib: ^2.3.0
    tslog: ^3.2.0
    typescript: ^4.3.4
  languageName: unknown
  linkType: soft

"abort-controller@npm:^3.0.0":
  version: 3.0.0
  resolution: "abort-controller@npm:3.0.0"
  dependencies:
    event-target-shim: ^5.0.0
  checksum: cc53ad8df9a6de3f55d4f804fca5106908f855e47b572fb5ab3cdd723b76374686dcefa557a2f87d4396db77e31bc0e6ce9d48637388cef6d884c29ad2691448
  languageName: node
  linkType: hard

"asynckit@npm:^0.4.0":
  version: 0.4.0
  resolution: "asynckit@npm:0.4.0"
  checksum: a024000b9ddd938e2f27b3cb8188f96a5e1fff58185e98b84862fc4e01de279a547874a800340c2b106bb9de9b0fc61c6c683bc6892abf65e6be29a96addafd3
  languageName: node
  linkType: hard

"buffer-from@npm:^1.0.0":
  version: 1.1.1
  resolution: "buffer-from@npm:1.1.1"
  checksum: 540ceb79c4f5bfcadaabbc18324fa84c50dc52905084be7c03596a339cf5a88513bee6831ce9b36ddd046fab09257a7c80686e129d0559a0cfd141da196ad956
  languageName: node
  linkType: hard

"cacheable-lookup@npm:^5.0.3":
  version: 5.0.4
  resolution: "cacheable-lookup@npm:5.0.4"
  checksum: cb5849f5841e37f007aeaea2516ecf2cb0a9730667694d131331a04413f6c3bf2587391d55003cc2b95ef59085b5f50ac9887a0b7c673fc0c8102bcc69b6d73d
  languageName: node
  linkType: hard

"cacheable-request@npm:^7.0.1":
  version: 7.0.2
  resolution: "cacheable-request@npm:7.0.2"
  dependencies:
    clone-response: ^1.0.2
    get-stream: ^5.1.0
    http-cache-semantics: ^4.0.0
    keyv: ^4.0.0
    lowercase-keys: ^2.0.0
    normalize-url: ^6.0.1
    responselike: ^2.0.0
  checksum: 176a1fceb987f1fee8b512ee7908445854a0c75854a11710f0d8de104cf840fd92e3c94ecd1f9144e57a25e17f5d72056591e5b33aabb8775061f906b0696a50
  languageName: node
  linkType: hard

"clone-response@npm:^1.0.2":
  version: 1.0.2
  resolution: "clone-response@npm:1.0.2"
  dependencies:
    mimic-response: ^1.0.0
  checksum: 71832f9219f2682b0915bdbc0dd187ba8e63d16b0af5342b44f97b34afe9400a1f528a253dd2f70a8dd8b23bfa4c4e106928fcc520fa5899d769af95e4cce53c
  languageName: node
  linkType: hard

"combined-stream@npm:^1.0.6, combined-stream@npm:^1.0.8":
  version: 1.0.8
  resolution: "combined-stream@npm:1.0.8"
  dependencies:
    delayed-stream: ~1.0.0
  checksum: 5791ce7944530f0db74a97e77ea28b6fdbf89afcf038e41d6b4195019c4c803cd19ed2905a54959e5b3830d50bd5d6f93c681c6d3aaea8614ad43b48e62e9d65
  languageName: node
  linkType: hard

"decompress-response@npm:^6.0.0":
  version: 6.0.0
  resolution: "decompress-response@npm:6.0.0"
  dependencies:
    mimic-response: ^3.1.0
  checksum: bb8b8c42be7767994764d27f91a3949e3dc9008da82f1aaeab1de40f1ebb50d7abf17b31b2e4000f8d267a1e75f76052efd58d4419124c04bf430e184c164fad
  languageName: node
  linkType: hard

"defer-to-connect@npm:^2.0.0":
  version: 2.0.1
  resolution: "defer-to-connect@npm:2.0.1"
  checksum: 6641e6377732f3066e5f101ae4f22de6b85c45fda3ff0cd710412901af7570cfbb77c9c25cb6dcd5d1b52b816e37fccfc013c9ec7f1f6a95823773625e8be6c5
  languageName: node
  linkType: hard

"delayed-stream@npm:~1.0.0":
  version: 1.0.0
  resolution: "delayed-stream@npm:1.0.0"
  checksum: d9dfb0a7c79fd308fada9db2cf29d1ff22047ceb50dd78f7e3c173567909b438f418259cb76a6d9c9f513e88ef41d3a14154f618741ec8368c3efeff616d0c9f
  languageName: node
  linkType: hard

"discord.js@npm:^12.5.3":
  version: 12.5.3
  resolution: "discord.js@npm:12.5.3"
  dependencies:
    "@discordjs/collection": ^0.1.6
    "@discordjs/form-data": ^3.0.1
    abort-controller: ^3.0.0
    node-fetch: ^2.6.1
    prism-media: ^1.2.9
    setimmediate: ^1.0.5
    tweetnacl: ^1.0.3
    ws: ^7.4.4
  checksum: 365e21b12496c47be80a4e2cd6d81665653908fcd22a5f46a5507ad8771cb20c40fab893ebb192af23e2bdb0db5c1eca8c5228c9f689951d0fd1139c3bcd567f
  languageName: node
  linkType: hard

"end-of-stream@npm:^1.1.0":
  version: 1.4.4
  resolution: "end-of-stream@npm:1.4.4"
  dependencies:
    once: ^1.4.0
  checksum: 7da60e458bdb5e16c006a45e85ef3bc1e3791db5ba275b0913258ccddc8899acb9252c4ddbcce87bd1b46e2a3f97315aafb9f0c0330e8aac44defb504a9d3ccd
  languageName: node
  linkType: hard

"event-target-shim@npm:^5.0.0":
  version: 5.0.1
  resolution: "event-target-shim@npm:5.0.1"
  checksum: d176477a31adf328ff50148886e46cef3f61ff8bdc1d6db161f6b3ead2501085d5652a81fab8dddc59aed93727231c0b5c8a0948de77ae401b2d977a3d18329e
  languageName: node
  linkType: hard

"form-data@npm:^2.5.0":
  version: 2.5.1
  resolution: "form-data@npm:2.5.1"
  dependencies:
    asynckit: ^0.4.0
    combined-stream: ^1.0.6
    mime-types: ^2.1.12
  checksum: c46ee9a14a8678b6e0dfafabc96e25237d9f11ced9c51cd371a2b3448f6a3f2fa684b3bbbb35911bae8f5448b3f3c48c73f7f2be791a4ae5aee0eb0ab3cdfec2
  languageName: node
  linkType: hard

"get-stream@npm:^5.1.0":
  version: 5.2.0
  resolution: "get-stream@npm:5.2.0"
  dependencies:
    pump: ^3.0.0
  checksum: c71c5625f4573a33823371da253b4183df6bdb28cb678d03bab9b5f91626d92d6f3f5ae2404c5efdc1248fbb82204e4dae4283c7ff3cc14e505754f9f748f217
  languageName: node
  linkType: hard

"got@npm:^11.8.2":
  version: 11.8.2
  resolution: "got@npm:11.8.2"
  dependencies:
    "@sindresorhus/is": ^4.0.0
    "@szmarczak/http-timer": ^4.0.5
    "@types/cacheable-request": ^6.0.1
    "@types/responselike": ^1.0.0
    cacheable-lookup: ^5.0.3
    cacheable-request: ^7.0.1
    decompress-response: ^6.0.0
    http2-wrapper: ^1.0.0-beta.5.2
    lowercase-keys: ^2.0.0
    p-cancelable: ^2.0.0
    responselike: ^2.0.0
  checksum: 6415f98ec249e932ca8223396e58ec18017ade64e21efc40db62f994f3551eaf7eca945671d40b2486f0650b1f17b5a2a0f11655ea501712566ef60be010f07f
  languageName: node
  linkType: hard

"http-cache-semantics@npm:^4.0.0":
  version: 4.1.0
  resolution: "http-cache-semantics@npm:4.1.0"
  checksum: 451df9784af2acbe0cc1fd70291285c08ca4a8966ab5ee4d3975e003d1ad4d74c81473086d628f31296b31221966fda8bc5ea1e29dd8f1f33f9fc2b0fdca65ca
  languageName: node
  linkType: hard

"http2-wrapper@npm:^1.0.0-beta.5.2":
  version: 1.0.3
  resolution: "http2-wrapper@npm:1.0.3"
  dependencies:
    quick-lru: ^5.1.1
    resolve-alpn: ^1.0.0
  checksum: 2fc0140a69558cf1352372ed6cdf94eb6d108b2755ca087a5626044667033ca9fd6d0e5e04db3c3d2129aadff99b9b07b5bcf3952f5b7138926cb7a1d3128c6e
  languageName: node
  linkType: hard

"json-buffer@npm:3.0.1":
  version: 3.0.1
  resolution: "json-buffer@npm:3.0.1"
  checksum: 78011309cb53c19195702ece9e282c8c58d7facd8d6e286857fd4daf511f0bd93424498898d0b9ecfde6ab8e87a2ab0c0a654fba4b1a4ec81fa51f2c48a5ddba
  languageName: node
  linkType: hard

"keyv@npm:^4.0.0":
  version: 4.0.3
  resolution: "keyv@npm:4.0.3"
  dependencies:
    json-buffer: 3.0.1
  checksum: 63527e3d010dd9b8f8e62435130cdb1518de7b7d0ebafcff1359611caa0e79c7f80f1863ff73e712d99ce69fa06be62b66a78fb5cfee6483f2f95eeac340f12b
  languageName: node
  linkType: hard

"lowercase-keys@npm:^2.0.0":
  version: 2.0.0
  resolution: "lowercase-keys@npm:2.0.0"
  checksum: 4da67f41865a25360bb05749a66a83c60987c7efa0b8ec443941a19978c21ba916ae9fedca25b96fc652026c4264a437d3fec099d1949716b5483eec42395ec9
  languageName: node
  linkType: hard

"mime-db@npm:1.48.0":
  version: 1.48.0
  resolution: "mime-db@npm:1.48.0"
  checksum: 346d5df2ff2f501bdeff07e88a28d205f9cd27bccd3b8604847d3aee6ce73d4ecf88e943bbbce46c167d404487f46cdf09d57354c51b6f08a4d5833bcaafa59f
  languageName: node
  linkType: hard

"mime-types@npm:^2.1.12":
  version: 2.1.31
  resolution: "mime-types@npm:2.1.31"
  dependencies:
    mime-db: 1.48.0
  checksum: 0373e58e3826802e462cf0c180ca5556fd0990acaf123d421d5f8643f0ca61d2126ea57eb6f4ba96f9ef07d3e627c06261825418a6549b0671261cc1bb4219b4
  languageName: node
  linkType: hard

"mimic-response@npm:^1.0.0":
  version: 1.0.1
  resolution: "mimic-response@npm:1.0.1"
  checksum: 64b43c717ed8710bc920576e96d38d0e504e9eec3114af8e00c9e3d7ae53cd459ee38febb0badc83e3a4e6d21cd571db43e9011f8cf014809989c87a1a9f0ea4
  languageName: node
  linkType: hard

"mimic-response@npm:^3.1.0":
  version: 3.1.0
  resolution: "mimic-response@npm:3.1.0"
  checksum: cfbf19f66de6ad46df7481d9e8c1a7f30b6fa77dd771ad4a72a0443265041a39768182bde6d1de39001c2774168635bc74f42902e401c8ba33db55d69b773004
  languageName: node
  linkType: hard

"node-fetch@npm:^2.6.1":
  version: 2.6.1
  resolution: "node-fetch@npm:2.6.1"
  checksum: cbb171635e538162b977eac5dfe7a1e07a9a02e991924377a6435502291e2f823d306b95aabc455caebf4a118ccf836868462bc70ccc3095af02bb9da61fda37
  languageName: node
  linkType: hard

"normalize-url@npm:^6.0.1":
  version: 6.1.0
  resolution: "normalize-url@npm:6.1.0"
  checksum: 5fb69e98c149f4a54a7bb0f1904cc524627c0d23327a9feafacacf135d01d9595c65e80ced6f27c17c1959541ea732815b604ff8a6ec52ec3fe7a391b92cfba9
  languageName: node
  linkType: hard

"once@npm:^1.3.1, once@npm:^1.4.0":
  version: 1.4.0
  resolution: "once@npm:1.4.0"
  dependencies:
    wrappy: 1
  checksum: 57afc246536cf6494437f982b26475f22bee860f8b77ce8eb1543f42a8bffe04b2c66ddfea9a16cb25ccb80943f8ee4fc639367ef97b7a6a4f2672eb573963f5
  languageName: node
  linkType: hard

"p-cancelable@npm:^2.0.0":
  version: 2.1.1
  resolution: "p-cancelable@npm:2.1.1"
  checksum: 0ce643f3c9701514b1e831900b94912d1f365bb4a600b586a85fc41ed15fde46ad221793e1a1ba92452df4b5a062f6a0e3840a9812bc068082d1288d15e886af
  languageName: node
  linkType: hard

"prism-media@npm:^1.2.9":
  version: 1.3.1
  resolution: "prism-media@npm:1.3.1"
  peerDependencies:
    "@discordjs/opus": ^0.5.0
    ffmpeg-static: ^4.2.7 || ^3.0.0 || ^2.4.0
    node-opus: ^0.3.3
    opusscript: ^0.0.8
  peerDependenciesMeta:
    "@discordjs/opus":
      optional: true
    ffmpeg-static:
      optional: true
    node-opus:
      optional: true
    opusscript:
      optional: true
  checksum: 5d20527179c413b1b8ac8e5036f37641272855ba0d4d49cdd1f9260acb39705cd6dec0dabee0a9c0781919dbf1a301f76e0230ac4913e3a95ca67ae05456b293
  languageName: node
  linkType: hard

"pump@npm:^3.0.0":
  version: 3.0.0
  resolution: "pump@npm:3.0.0"
  dependencies:
    end-of-stream: ^1.1.0
    once: ^1.3.1
  checksum: 5464d5cf6c6f083cc60cb45b074fb9a4a92ba4d3e0d89e9b2fa1906d8151fd3766784a426725ccf1af50d1c29963ac20b13829933549830e08a6704e3f95e08c
  languageName: node
  linkType: hard

"quick-lru@npm:^5.1.1":
  version: 5.1.1
  resolution: "quick-lru@npm:5.1.1"
  checksum: fafb2b2fa1a948d6f2e88d4a60571be70b316d9b0be857d24fba0ac28fc31acebf535b643fe968473d689f8c655bcb2a0e4da67912f571059a4e4eb15740b021
  languageName: node
  linkType: hard

"resolve-alpn@npm:^1.0.0":
  version: 1.1.2
  resolution: "resolve-alpn@npm:1.1.2"
  checksum: 18a00b3423516f3955231a37c29a49aa8352f496ead288d5d434404037bcbf2c5704f5b79c294a0d76dd319fedda25821c8c3ff1dea27eeb9a2f473a00f1c0cf
  languageName: node
  linkType: hard

"responselike@npm:^2.0.0":
  version: 2.0.0
  resolution: "responselike@npm:2.0.0"
  dependencies:
    lowercase-keys: ^2.0.0
  checksum: 11d8225dd8bbbd2ab7482c2e54ff2618e346c7d785e66d2ff5da03d6eafa8b33c3a4c6d685324dccf06f36ee2695db9bd2579382548c2a7253d770204694a63d
  languageName: node
  linkType: hard

"setimmediate@npm:^1.0.5":
  version: 1.0.5
  resolution: "setimmediate@npm:1.0.5"
  checksum: 87884d8add4779fe47ccf763396a5bf875640ae34d80a10802da4de5c25d87647c12f6e7748fd5b8c143b57201caf2a5a781631456c228825f166ca305c12f20
  languageName: node
  linkType: hard

"source-map-support@npm:^0.5.19":
  version: 0.5.19
  resolution: "source-map-support@npm:0.5.19"
  dependencies:
    buffer-from: ^1.0.0
    source-map: ^0.6.0
  checksum: 59d4efaae97755155b078413ecba63517e3ef054cc7ab767bbd30e6f3054be2ae8e8f5cce7eef53b7eb93e98fe27a58dd8f5e7abfb13144ba420ddaf5267bbb2
  languageName: node
  linkType: hard

"source-map@npm:^0.6.0":
  version: 0.6.1
  resolution: "source-map@npm:0.6.1"
  checksum: 8647829a0611724114022be455ca1c8a2c8ae61df81c5b3667d9b398207226a1e21174fb7bbf0b4dbeb27ac358222afb5a14f1c74a62a62b8883b012e5eb1270
  languageName: node
  linkType: hard

"tslib@npm:^2.3.0":
  version: 2.3.0
  resolution: "tslib@npm:2.3.0"
  checksum: 7b4fc9feff0f704743c3760f5d8d708f6417fac6458159e63df3a6b1100f0736e3b99edb9fe370f274ad15160a1f49ff05cb49402534c818ff552c48e38c3e6e
  languageName: node
  linkType: hard

"tslog@npm:^3.2.0":
  version: 3.2.0
  resolution: "tslog@npm:3.2.0"
  dependencies:
    source-map-support: ^0.5.19
  checksum: 304b2b904341ed2f1bad78b775ef30339c258d9799b71acfb784fd84d50687adc75006ed620951f7badd853635daa7444bf78bee813480f6dbc15ef0cee17a66
  languageName: node
  linkType: hard

"tweetnacl@npm:^1.0.3":
  version: 1.0.3
  resolution: "tweetnacl@npm:1.0.3"
  checksum: 1188f3ef85db04d6dba632d211e481ae0a5805974491633ff60bd56ae3362312dfea1515e0d200685867b69ff212e8778e26923f8203e3c335064b07f620a6c7
  languageName: node
  linkType: hard

typescript@^4.3.4:
  version: 4.3.4
  resolution: "typescript@npm:4.3.4"
  bin:
    tsc: bin/tsc
    tsserver: bin/tsserver
  checksum: 9791c5fe98db6cb70ec0efad8d3d2eb957b9643ee600b90bff49267de69768d0d5f59c41a8fd731cfd63df1ccfb2cb25505a2015d7b39ac10ea51f605a058e16
  languageName: node
  linkType: hard

"typescript@patch:typescript@^4.3.4#builtin<compat/typescript>":
  version: 4.3.4
  resolution: "typescript@patch:typescript@npm%3A4.3.4#builtin<compat/typescript>::version=4.3.4&hash=ddfc1b"
  bin:
    tsc: bin/tsc
    tsserver: bin/tsserver
  checksum: c8766e84a4f71e925cc059af8286cc7f41819fe821d433b90c83e9b36729cbda7a8e4be3292d8a1433cd717d529c93217d58d173418f43862290b206bd88b284
  languageName: node
  linkType: hard

"wrappy@npm:1":
  version: 1.0.2
  resolution: "wrappy@npm:1.0.2"
  checksum: 519fcda0fcdf0c16327be2de9d98646742307bc830277e8868529fcf7566f2b330a6453c233e0cdcb767d5838dd61a90984a02ecc983bcddebea5ad0833bbf98
  languageName: node
  linkType: hard

"ws@npm:^7.4.4":
  version: 7.5.0
  resolution: "ws@npm:7.5.0"
  peerDependencies:
    bufferutil: ^4.0.1
    utf-8-validate: ^5.0.2
  peerDependenciesMeta:
    bufferutil:
      optional: true
    utf-8-validate:
      optional: true
  checksum: f9ac36310e795995f13ac7abff9c3b104b2460864de7f0b6233d285f62c6929529e24f386ff87740c3646f818fefa014be587371aa9a5a6fffae2cd9d1e9e008
  languageName: node
  linkType: hard
